
Microsoft Visual Studio Solution File, Format Version 12.00
# Visual Studio 2013
VisualStudioVersion = 12.0.40629.0
MinimumVisualStudioVersion = 10.0.40219.1
Project("{E24C65DC-7377-472B-9ABA-BC803B73C61A}") = "SIMSpellstone", "http://localhost:55308", "{8307DFF2-8BA8-488D-AF62-A9A8E8C67649}"
	ProjectSection(WebsiteProperties) = preProject
		SccProjectName = "SAK"
		SccAuxPath = "SAK"
		SccLocalPath = "SAK"
		SccProvider = "SAK"
		UseIISExpress = "true"
		TargetFrameworkMoniker = ".NETFramework,Version%3Dv4.5"
		Debug.AspNetCompiler.VirtualPath = "/localhost_55308"
		Debug.AspNetCompiler.PhysicalPath = "..\SIMSpellstone\"
		Debug.AspNetCompiler.TargetPath = "PrecompiledWeb\localhost_55308\"
		Debug.AspNetCompiler.Updateable = "true"
		Debug.AspNetCompiler.ForceOverwrite = "true"
		Debug.AspNetCompiler.FixedNames = "false"
		Debug.AspNetCompiler.Debug = "True"
		Release.AspNetCompiler.VirtualPath = "/localhost_55308"
		Release.AspNetCompiler.PhysicalPath = "..\SIMSpellstone\"
		Release.AspNetCompiler.TargetPath = "PrecompiledWeb\localhost_55308\"
		Release.AspNetCompiler.Updateable = "true"
		Release.AspNetCompiler.ForceOverwrite = "true"
		Release.AspNetCompiler.FixedNames = "false"
		Release.AspNetCompiler.Debug = "False"
		SlnRelativePath = "..\SIMSpellstone\"
	EndProjectSection
EndProject
Project("{2150E333-8FDC-42A3-9474-1A3956D46DE8}") = "Solution Items", "Solution Items", "{A6CC4DDB-A3BB-4293-BD28-9E348F09D0C3}"
	ProjectSection(SolutionItems) = preProject
		WebEssentials-Settings.json = WebEssentials-Settings.json
	EndProjectSection
EndProject
Global
	GlobalSection(SolutionConfigurationPlatforms) = preSolution
		Debug|Any CPU = Debug|Any CPU
		Release|Any CPU = Release|Any CPU
	EndGlobalSection
	GlobalSection(ProjectConfigurationPlatforms) = postSolution
		{8307DFF2-8BA8-488D-AF62-A9A8E8C67649}.Debug|Any CPU.ActiveCfg = Debug|Any CPU
		{8307DFF2-8BA8-488D-AF62-A9A8E8C67649}.Debug|Any CPU.Build.0 = Debug|Any CPU
		{8307DFF2-8BA8-488D-AF62-A9A8E8C67649}.Release|Any CPU.ActiveCfg = Debug|Any CPU
		{8307DFF2-8BA8-488D-AF62-A9A8E8C67649}.Release|Any CPU.Build.0 = Debug|Any CPU
	EndGlobalSection
	GlobalSection(SolutionProperties) = preSolution
		HideSolutionNode = FALSE
	EndGlobalSection
EndGlobal
